
Microsoft Visual Studio Solution File, Format Version 11.00
# Visual Studio 2010
Project("{FAE04EC0-301F-11D3-BF4B-00C04F79EFBC}") = "DbDeploy", "DbDeploy\DbDeploy.csproj", "{4D123F93-4465-424C-B852-6316602690E9}"
EndProject
Global
	GlobalSection(TeamFoundationVersionControl) = preSolution
		SccNumberOfProjects = 2
		SccEnterpriseProvider = {4CA58AB2-18FA-4F8D-95D4-32DDF27D184C}
		SccTeamFoundationServer = http://dev-team-az1:8080/
		SccLocalPath0 = .
		SccProjectUniqueName1 = DbDeploy\\DbDeploy.csproj
		SccProjectName1 = DbDeploy
		SccLocalPath1 = DbDeploy
	EndGlobalSection
	GlobalSection(SolutionConfigurationPlatforms) = preSolution
		Debug|Any CPU = Debug|Any CPU
		Release|Any CPU = Release|Any CPU
	EndGlobalSection
	GlobalSection(ProjectConfigurationPlatforms) = postSolution
		{4D123F93-4465-424C-B852-6316602690E9}.Debug|Any CPU.ActiveCfg = Debug|Any CPU
		{4D123F93-4465-424C-B852-6316602690E9}.Debug|Any CPU.Build.0 = Debug|Any CPU
		{4D123F93-4465-424C-B852-6316602690E9}.Release|Any CPU.ActiveCfg = Release|Any CPU
		{4D123F93-4465-424C-B852-6316602690E9}.Release|Any CPU.Build.0 = Release|Any CPU
	EndGlobalSection
	GlobalSection(SolutionProperties) = preSolution
		HideSolutionNode = FALSE
	EndGlobalSection
EndGlobal
